
Microsoft Visual Studio Solution File, Format Version 12.00
# Visual Studio 15
VisualStudioVersion = 15.0.28307.421
MinimumVisualStudioVersion = 10.0.40219.1
Project("{FAE04EC0-301F-11D3-BF4B-00C04F79EFBC}") = "TurretSpotlight", "TurretSpotlight.csproj", "{520479C3-E853-4684-A388-E5917EB5757E}"
EndProject
Global
	GlobalSection(SolutionConfigurationPlatforms) = preSolution
		Debug|Any CPU = Debug|Any CPU
		Release|Any CPU = Release|Any CPU
	EndGlobalSection
	GlobalSection(ProjectConfigurationPlatforms) = postSolution
		{520479C3-E853-4684-A388-E5917EB5757E}.Debug|Any CPU.ActiveCfg = Debug|Any CPU
		{520479C3-E853-4684-A388-E5917EB5757E}.Debug|Any CPU.Build.0 = Debug|Any CPU
		{520479C3-E853-4684-A388-E5917EB5757E}.Release|Any CPU.ActiveCfg = Release|Any CPU
		{520479C3-E853-4684-A388-E5917EB5757E}.Release|Any CPU.Build.0 = Release|Any CPU
	EndGlobalSection
	GlobalSection(SolutionProperties) = preSolution
		HideSolutionNode = FALSE
	EndGlobalSection
	GlobalSection(ExtensibilityGlobals) = postSolution
		SolutionGuid = {2D415B9B-4BE2-48DD-8356-DE85E75D2FA8}
	EndGlobalSection
EndGlobal
